
Microsoft Visual Studio Solution File, Format Version 12.00
# Visual Studio 15
Project("{FAE04EC0-301F-11D3-BF4B-00C04F79EFBC}") = "Project2.Android", "Project2.Android\Project2.Android.csproj", "{8833808A-5687-4F5C-8F44-4956B93A71C9}"
EndProject
Project("{FAE04EC0-301F-11D3-BF4B-00C04F79EFBC}") = "Project2.iOS", "Project2.iOS\Project2.iOS.csproj", "{4B45AD1C-B89F-4878-9321-C412C97CE6F2}"
EndProject
Project("{FAE04EC0-301F-11D3-BF4B-00C04F79EFBC}") = "Project2", "Project2\Project2.csproj", "{98B45584-2525-40B6-92DB-FEB9D5155034}"
EndProject
Project("{2150E333-8FDC-42A3-9474-1A3956D46DE8}") = "Solution Items", "Solution Items", "{BC2C7832-DB36-47EF-8E2A-25DAF0780910}"
	ProjectSection(SolutionItems) = preProject
		words.txt = words.txt
	EndProjectSection
EndProject
Global
	GlobalSection(SolutionConfigurationPlatforms) = preSolution
		Debug|Any CPU = Debug|Any CPU
		Release|Any CPU = Release|Any CPU
		Debug|iPhoneSimulator = Debug|iPhoneSimulator
		Release|iPhoneSimulator = Release|iPhoneSimulator
		Debug|iPhone = Debug|iPhone
		Release|iPhone = Release|iPhone
	EndGlobalSection
	GlobalSection(ProjectConfigurationPlatforms) = postSolution
		{8833808A-5687-4F5C-8F44-4956B93A71C9}.Debug|Any CPU.ActiveCfg = Debug|Any CPU
		{8833808A-5687-4F5C-8F44-4956B93A71C9}.Debug|Any CPU.Build.0 = Debug|Any CPU
		{8833808A-5687-4F5C-8F44-4956B93A71C9}.Release|Any CPU.ActiveCfg = Release|Any CPU
		{8833808A-5687-4F5C-8F44-4956B93A71C9}.Release|Any CPU.Build.0 = Release|Any CPU
		{8833808A-5687-4F5C-8F44-4956B93A71C9}.Debug|iPhoneSimulator.ActiveCfg = Debug|Any CPU
		{8833808A-5687-4F5C-8F44-4956B93A71C9}.Debug|iPhoneSimulator.Build.0 = Debug|Any CPU
		{8833808A-5687-4F5C-8F44-4956B93A71C9}.Release|iPhoneSimulator.ActiveCfg = Release|Any CPU
		{8833808A-5687-4F5C-8F44-4956B93A71C9}.Release|iPhoneSimulator.Build.0 = Release|Any CPU
		{8833808A-5687-4F5C-8F44-4956B93A71C9}.Debug|iPhone.ActiveCfg = Debug|Any CPU
		{8833808A-5687-4F5C-8F44-4956B93A71C9}.Debug|iPhone.Build.0 = Debug|Any CPU
		{8833808A-5687-4F5C-8F44-4956B93A71C9}.Release|iPhone.ActiveCfg = Release|Any CPU
		{8833808A-5687-4F5C-8F44-4956B93A71C9}.Release|iPhone.Build.0 = Release|Any CPU
		{4B45AD1C-B89F-4878-9321-C412C97CE6F2}.Debug|Any CPU.ActiveCfg = Debug|iPhoneSimulator
		{4B45AD1C-B89F-4878-9321-C412C97CE6F2}.Debug|Any CPU.Build.0 = Debug|iPhoneSimulator
		{4B45AD1C-B89F-4878-9321-C412C97CE6F2}.Release|Any CPU.ActiveCfg = Release|iPhoneSimulator
		{4B45AD1C-B89F-4878-9321-C412C97CE6F2}.Release|Any CPU.Build.0 = Release|iPhoneSimulator
		{4B45AD1C-B89F-4878-9321-C412C97CE6F2}.Debug|iPhoneSimulator.ActiveCfg = Debug|iPhoneSimulator
		{4B45AD1C-B89F-4878-9321-C412C97CE6F2}.Debug|iPhoneSimulator.Build.0 = Debug|iPhoneSimulator
		{4B45AD1C-B89F-4878-9321-C412C97CE6F2}.Release|iPhoneSimulator.ActiveCfg = Release|iPhoneSimulator
		{4B45AD1C-B89F-4878-9321-C412C97CE6F2}.Release|iPhoneSimulator.Build.0 = Release|iPhoneSimulator
		{4B45AD1C-B89F-4878-9321-C412C97CE6F2}.Debug|iPhone.ActiveCfg = Debug|iPhone
		{4B45AD1C-B89F-4878-9321-C412C97CE6F2}.Debug|iPhone.Build.0 = Debug|iPhone
		{4B45AD1C-B89F-4878-9321-C412C97CE6F2}.Release|iPhone.ActiveCfg = Release|iPhone
		{4B45AD1C-B89F-4878-9321-C412C97CE6F2}.Release|iPhone.Build.0 = Release|iPhone
		{98B45584-2525-40B6-92DB-FEB9D5155034}.Debug|Any CPU.ActiveCfg = Debug|Any CPU
		{98B45584-2525-40B6-92DB-FEB9D5155034}.Debug|Any CPU.Build.0 = Debug|Any CPU
		{98B45584-2525-40B6-92DB-FEB9D5155034}.Release|Any CPU.ActiveCfg = Release|Any CPU
		{98B45584-2525-40B6-92DB-FEB9D5155034}.Release|Any CPU.Build.0 = Release|Any CPU
		{98B45584-2525-40B6-92DB-FEB9D5155034}.Debug|iPhoneSimulator.ActiveCfg = Debug|Any CPU
		{98B45584-2525-40B6-92DB-FEB9D5155034}.Debug|iPhoneSimulator.Build.0 = Debug|Any CPU
		{98B45584-2525-40B6-92DB-FEB9D5155034}.Release|iPhoneSimulator.ActiveCfg = Release|Any CPU
		{98B45584-2525-40B6-92DB-FEB9D5155034}.Release|iPhoneSimulator.Build.0 = Release|Any CPU
		{98B45584-2525-40B6-92DB-FEB9D5155034}.Debug|iPhone.ActiveCfg = Debug|Any CPU
		{98B45584-2525-40B6-92DB-FEB9D5155034}.Debug|iPhone.Build.0 = Debug|Any CPU
		{98B45584-2525-40B6-92DB-FEB9D5155034}.Release|iPhone.ActiveCfg = Release|Any CPU
		{98B45584-2525-40B6-92DB-FEB9D5155034}.Release|iPhone.Build.0 = Release|Any CPU
	EndGlobalSection
EndGlobal
